
Microsoft Visual Studio Solution File, Format Version 12.00
Project("{FAE04EC0-301F-11D3-BF4B-00C04F79EFBC}") = "checkout-kata", "Checkout.Main\checkout-kata.csproj", "{E1749ED1-656B-4769-AC43-AF6486D31443}"
EndProject
Project("{FAE04EC0-301F-11D3-BF4B-00C04F79EFBC}") = "Checkout.Test", "Checkout.Test\Checkout.Test.csproj", "{F5682AE8-1606-4A01-B050-9870E5E924FE}"
EndProject
Project("{FAE04EC0-301F-11D3-BF4B-00C04F79EFBC}") = "Checkout.Models", "Checkout.Models\Checkout.Models.csproj", "{4731296D-ABEE-4857-BE5A-8CCA05396EC2}"
EndProject
Global
	GlobalSection(SolutionConfigurationPlatforms) = preSolution
		Debug|Any CPU = Debug|Any CPU
		Release|Any CPU = Release|Any CPU
	EndGlobalSection
	GlobalSection(ProjectConfigurationPlatforms) = postSolution
		{E1749ED1-656B-4769-AC43-AF6486D31443}.Debug|Any CPU.ActiveCfg = Debug|Any CPU
		{E1749ED1-656B-4769-AC43-AF6486D31443}.Debug|Any CPU.Build.0 = Debug|Any CPU
		{E1749ED1-656B-4769-AC43-AF6486D31443}.Release|Any CPU.ActiveCfg = Release|Any CPU
		{E1749ED1-656B-4769-AC43-AF6486D31443}.Release|Any CPU.Build.0 = Release|Any CPU
		{F5682AE8-1606-4A01-B050-9870E5E924FE}.Debug|Any CPU.ActiveCfg = Debug|Any CPU
		{F5682AE8-1606-4A01-B050-9870E5E924FE}.Debug|Any CPU.Build.0 = Debug|Any CPU
		{F5682AE8-1606-4A01-B050-9870E5E924FE}.Release|Any CPU.ActiveCfg = Release|Any CPU
		{F5682AE8-1606-4A01-B050-9870E5E924FE}.Release|Any CPU.Build.0 = Release|Any CPU
		{4731296D-ABEE-4857-BE5A-8CCA05396EC2}.Debug|Any CPU.ActiveCfg = Debug|Any CPU
		{4731296D-ABEE-4857-BE5A-8CCA05396EC2}.Debug|Any CPU.Build.0 = Debug|Any CPU
		{4731296D-ABEE-4857-BE5A-8CCA05396EC2}.Release|Any CPU.ActiveCfg = Release|Any CPU
		{4731296D-ABEE-4857-BE5A-8CCA05396EC2}.Release|Any CPU.Build.0 = Release|Any CPU
	EndGlobalSection
EndGlobal
